#
# This file is autogenerated by pip-compile with Python 3.12
# by the following command:
#
#    pip-compile --no-index --output-file=poller/requirements.lock --strip-extras poller/requirements.txt
#
aiomqtt==2.5.1
    # via -r poller/requirements.txt
annotated-types==0.8.0
    # via pydantic
anyio==4.15.1
    # via httpx
asyncpg==0.31.0
    # via -r poller/requirements.txt
bleak==3.0.2
    # via meshcore
certifi==2026.7.22
    # via
    #   httpcore
    #   httpx
cffi==2.1.1
    # via cryptography
cryptography==50.0.1
    # via -r poller/requirements.txt
dbus-fast==5.0.22
    # via bleak
feedparser==6.0.14
    # via -r poller/requirements.txt
feedparser-sgmllib==2.1.0
    # via feedparser
greenlet==3.5.6
    # via sqlalchemy
gtfs-realtime-bindings==3.0.0
    # via -r poller/requirements.txt
h11==0.16.0
    # via httpcore
hiredis==3.4.2
    # via redis
httpcore==1.0.9
    # via httpx
httpx==0.28.1
    # via -r poller/requirements.txt
idna==3.20
    # via
    #   anyio
    #   httpx
meshcore==2.3.14
    # via -r poller/requirements.txt
numpy==2.5.3
    # via pymodes
paho-mqtt==2.1.0
    # via aiomqtt
protobuf==7.36.2
    # via gtfs-realtime-bindings
pycayennelpp==2.4.0
    # via meshcore
pycparser==3.0
    # via cffi
pycryptodome==3.23.0
    # via meshcore
pydantic==2.13.5
    # via pydantic-settings
pydantic-core==2.46.5
    # via pydantic
pydantic-settings==2.15.0
    # via -r poller/requirements.txt
pymodes==2.21.1
    # via -r poller/requirements.txt
pyserial==3.5
    # via pyserial-asyncio-fast
pyserial-asyncio-fast==0.16
    # via meshcore
python-dateutil==2.9.0.post0
    # via -r poller/requirements.txt
python-dotenv==1.2.3
    # via pydantic-settings
pyyaml==6.0.3
    # via -r poller/requirements.txt
pyzmq==27.2.0
    # via pymodes
redis==8.1.0
    # via -r poller/requirements.txt
sgp4==2.27
    # via -r poller/requirements.txt
six==1.17.0
    # via python-dateutil
sqlalchemy==2.1.1
    # via -r poller/requirements.txt
typing-extensions==4.16.0
    # via
    #   anyio
    #   pydantic
    #   pydantic-core
    #   sqlalchemy
    #   typing-inspection
typing-inspection==0.4.4
    # via
    #   pydantic
    #   pydantic-settings
websockets==17.1
    # via -r poller/requirements.txt
